
Microsoft Visual Studio Solution File, Format Version 12.00
# Visual Studio 15
VisualStudioVersion = 15.0.27130.2027
MinimumVisualStudioVersion = 10.0.40219.1
Project("{FAE04EC0-301F-11D3-BF4B-00C04F79EFBC}") = "NestRemoteThermometer", "NestRemoteThermometer\NestRemoteThermometer.csproj", "{0CEB3497-0623-4CE0-BC9C-5DCF8525B972}"
EndProject
Global
	GlobalSection(SolutionConfigurationPlatforms) = preSolution
		Debug|Any CPU = Debug|Any CPU
		Release|Any CPU = Release|Any CPU
	EndGlobalSection
	GlobalSection(ProjectConfigurationPlatforms) = postSolution
		{0CEB3497-0623-4CE0-BC9C-5DCF8525B972}.Debug|Any CPU.ActiveCfg = Debug|Any CPU
		{0CEB3497-0623-4CE0-BC9C-5DCF8525B972}.Debug|Any CPU.Build.0 = Debug|Any CPU
		{0CEB3497-0623-4CE0-BC9C-5DCF8525B972}.Release|Any CPU.ActiveCfg = Release|Any CPU
		{0CEB3497-0623-4CE0-BC9C-5DCF8525B972}.Release|Any CPU.Build.0 = Release|Any CPU
	EndGlobalSection
	GlobalSection(SolutionProperties) = preSolution
		HideSolutionNode = FALSE
	EndGlobalSection
	GlobalSection(ExtensibilityGlobals) = postSolution
		SolutionGuid = {FF08E5F6-BCF4-483E-B916-2D116B6F0DE2}
	EndGlobalSection
EndGlobal
